{
  "name": "re-request-an-aws-account",
  "lockfileVersion": 2,
  "requires": true,
  "packages": {
    "": {
      "dependencies": {
        "govuk-frontend": "^5.11.2"
      }
    },
    "node_modules/govuk-frontend": {
      "version": "5.11.2",
      "resolved": "https://registry.npmjs.org/govuk-frontend/-/govuk-frontend-5.11.2.tgz",
      "integrity": "sha512-eHV8EMxYNjc+omFhB0HktQ3QmA3ZRdDsgRDlUIik+TpUHerR3XKXpo4zh/OGO2/C2mz65cX0XT0k4QrRFJZU8Q==",
      "engines": {
        "node": ">= 4.2.0"
      }
    }
  },
  "dependencies": {
    "govuk-frontend": {
      "version": "5.11.2",
      "resolved": "https://registry.npmjs.org/govuk-frontend/-/govuk-frontend-5.11.2.tgz",
      "integrity": "sha512-eHV8EMxYNjc+omFhB0HktQ3QmA3ZRdDsgRDlUIik+TpUHerR3XKXpo4zh/OGO2/C2mz65cX0XT0k4QrRFJZU8Q=="
    }
  }
}
