{
  "name": "re-request-an-aws-account",
  "lockfileVersion": 2,
  "requires": true,
  "packages": {
    "": {
      "name": "re-request-an-aws-account",
      "dependencies": {
        "govuk-frontend": "^5.13.0"
      }
    },
    "node_modules/govuk-frontend": {
      "version": "5.13.0",
      "resolved": "https://registry.npmjs.org/govuk-frontend/-/govuk-frontend-5.13.0.tgz",
      "integrity": "sha512-6N3pHelWN7wftdM6e4YEzZAfattapa1gnd+Al6d5PUbfTr9D+T2dnphpNpjX75CTEhihlQqlL0RDQ3WIfZ3PSg==",
      "license": "MIT",
      "engines": {
        "node": ">= 4.2.0"
      }
    }
  },
  "dependencies": {
    "govuk-frontend": {
      "version": "5.13.0",
      "resolved": "https://registry.npmjs.org/govuk-frontend/-/govuk-frontend-5.13.0.tgz",
      "integrity": "sha512-6N3pHelWN7wftdM6e4YEzZAfattapa1gnd+Al6d5PUbfTr9D+T2dnphpNpjX75CTEhihlQqlL0RDQ3WIfZ3PSg=="
    }
  }
}
