# THIS IS AN AUTOGENERATED FILE. DO NOT EDIT THIS FILE DIRECTLY.
# yarn lockfile v1


"govuk-frontend@^4.5.0":
  "integrity" "sha512-gZHDqf5vdlHjmx0NGJiNT12XLyR3d5KCS4AnlC3xTWOObJ0kQROrkIFyp3w4/PY3EQiYdgacVaJ6lizzygnzYw=="
  "resolved" "https://registry.npmjs.org/govuk-frontend/-/govuk-frontend-4.5.0.tgz"
  "version" "4.5.0"
